
Microsoft Visual Studio Solution File, Format Version 12.00
# Visual Studio Version 17
VisualStudioVersion = 17.5.002.0
MinimumVisualStudioVersion = 10.0.40219.1
Project("{9A19103F-16F7-4668-BE54-9A1E7A4F7556}") = "Il2CppDumper", "Il2CppDumper.csproj", "{505FDD35-56B7-46FB-B471-B836E962AAA4}"
EndProject
Global
	GlobalSection(SolutionConfigurationPlatforms) = preSolution
		Debug|Any CPU = Debug|Any CPU
		Release|Any CPU = Release|Any CPU
	EndGlobalSection
	GlobalSection(ProjectConfigurationPlatforms) = postSolution
		{505FDD35-56B7-46FB-B471-B836E962AAA4}.Debug|Any CPU.ActiveCfg = Debug|Any CPU
		{505FDD35-56B7-46FB-B471-B836E962AAA4}.Debug|Any CPU.Build.0 = Debug|Any CPU
		{505FDD35-56B7-46FB-B471-B836E962AAA4}.Release|Any CPU.ActiveCfg = Release|Any CPU
		{505FDD35-56B7-46FB-B471-B836E962AAA4}.Release|Any CPU.Build.0 = Release|Any CPU
	EndGlobalSection
	GlobalSection(SolutionProperties) = preSolution
		HideSolutionNode = FALSE
	EndGlobalSection
	GlobalSection(ExtensibilityGlobals) = postSolution
		SolutionGuid = {374630D6-5EE6-4F65-93FE-E9F3CA95E952}
	EndGlobalSection
EndGlobal
